<Solution>
  <Configurations>

    <Platform Name="Any CPU" />
    <Platform Name="x64" />
    <Platform Name="x86" />
  </Configurations>

  <Folder Name="/.devcontainer/">
    <File Path=".devcontainer/Dockerfile" />
  </Folder>

  <Folder Name="/.github/">
    <File Path=".github/pull_request_template.md" />
    <File Path=".github\dependabot.yml" />
  </Folder>
  <Folder Name="/.github/ISSUE_TEMPLATE/">
    <File Path=".github/ISSUE_TEMPLATE/bug_report.md" />
    <File Path=".github/ISSUE_TEMPLATE/feature_request.md" />
  </Folder>
  <Folder Name="/.github/workflows/">
    <File Path=".github/workflows/build-dotnet.yml" />
    <File Path=".github/workflows/build-infra.yml" />
    <File Path=".github/workflows/deploy-environment.yml" />
    <File Path=".github/workflows/run-e2e-tests.yml" />
    <File Path=".github/workflows/workflow-docs.yml" />
    <File Path=".github/workflows/workflow-main.yml" />
    <File Path=".github/workflows/workflow-pr.yml" />
    <File Path=".github/workflows/workflow-prune-runs.yml" />
    <File Path=".github/workflows/workflow-release.yml" />
    <File Path=".github/workflows/workflow-tf-docs.yml" />
    <File Path=".github/workflows/workflow-zap-scan.yml" />
    <File Path=".github/workflows/run-a11y-tests.yml" />
  </Folder>

  <Folder Name="/docs/">
    <File Path="docs/eleventy.config.js" />
    <File Path="docs/package-lock.json" />
    <File Path="docs/package.json" />
  </Folder>

  <Folder Name="/src/">
    <Project Path="src/AccessingChildcareEntitlementChecker.RulesEngine/AccessingChildcareEntitlementChecker.RulesEngine.csproj" />
    <Project Path="src/AccessingChildcareEntitlementChecker.Web/AccessingChildcareEntitlementChecker.Web.csproj" />
  </Folder>

  <Folder Name="/tests/">
    <Project Path="tests/AccessingChildcareEntitlementChecker.A11yTests/AccessingChildcareEntitlementChecker.A11yTests.csproj" />
    <Project Path="tests/AccessingChildcareEntitlementChecker.E2eTests/AccessingChildcareEntitlementChecker.E2eTests.csproj" />
    <Project Path="tests/AccessingChildcareEntitlementChecker.IntegrationTests/AccessingChildcareEntitlementChecker.IntegrationTests.csproj" />
    <Project Path="tests/AccessingChildcareEntitlementChecker.UnitTests/AccessingChildcareEntitlementChecker.UnitTests.csproj" />
  </Folder>
  <Folder Name="/docs/assets/">
    <File Path="docs/assets/department-for-education_white.png" />
    <File Path="docs/assets/mermaid.js" />
  </Folder>
  <Folder Name="/docs/content/">
    <File Path="docs/content/index.md" />
  </Folder>
  <Folder Name="/docs/content/architecture/">
    <File Path="docs/content/architecture/01-application-architecture.md" />
    <File Path="docs/content/architecture/02-constraints-principles.md" />
    <File Path="docs/content/architecture/03-deployment-architecture.md" />
    <File Path="docs/content/architecture/04-network-architecture.md" />
    <File Path="docs/content/architecture/05-deployed-infrastructure.md" />
    <File Path="docs/content/architecture/06-security-architecture.md" />
    <File Path="docs/content/architecture/07-non-functional-requirements.md" />
    <File Path="docs/content/architecture/08-technical-review-checklist.md" />
    <File Path="docs/content/architecture/09-path-tol-live.md" />
    <File Path="docs/content/architecture/index.md" />
  </Folder>
  <Folder Name="/docs/content/decisions/">
    <File Path="docs/content/decisions/0000-use-madr-docs.md" />
    <File Path="docs/content/decisions/0001-entitlement-checker-design.md" />
    <File Path="docs/content/decisions/0002-acceptance-tests-via-playwright.md" />
    <File Path="docs/content/decisions/0003-retain-a-team-coverage-gate-capability.md" />
    <File Path="docs/content/decisions/0004-use-github-runners-for-ui-tests.md" />
    <File Path="docs/content/decisions/0005-dev-deployment-use-http-basic-auth.md" />
    <File Path="docs/content/decisions/0006-use-govuk-frontend-aspnetcore.md" />
    <File Path="docs/content/decisions/0007-refactoring-options.md" />
    <File Path="docs/content/decisions/0008-dto-and-shared-types-ownership.md" />
    <File Path="docs/content/decisions/0009-release-strategy.md" />
    <File Path="docs/content/decisions/0010-documentation-publication-strategy.md" />
    <File Path="docs/content/decisions/0011-bootstrap-tf.md" />
    <File Path="docs/content/decisions/index.md" />
  </Folder>
  <Folder Name="/docs/content/developers/">
    <File Path="docs/content/developers/01-getting-started.md" />
    <File Path="docs/content/developers/02-ways-of-working.md" />
    <File Path="docs/content/developers/03-branching-strategy.md" />
    <File Path="docs/content/developers/04-documentation-guide.md" />
    <File Path="docs/content/developers/05-decision-process.md" />
    <File Path="docs/content/developers/06-terraform-bootstrap.md" />
    <File Path="docs/content/developers/07-conditional-deployments.md" />
    <File Path="docs/content/developers/08-release-process.md" />
    <File Path="docs/content/developers/09-workflow-naming-conventions.md" />
    <File Path="docs/content/developers/10-dependabot-configuration.md" />
    <File Path="docs/content/developers/11-zap-scan-guide.md" />
    <File Path="docs/content/developers/12-rules-engine.md" />
    <File Path="docs/content/developers/index.md" />
  </Folder>
  <Folder Name="/docs/content/operational/">
    <File Path="docs/content/operational/001-application-bugs.md" />
    <File Path="docs/content/operational/002-application-crashes.md" />
    <File Path="docs/content/operational/003-availability-zone-failure.md" />
    <File Path="docs/content/operational/004-regional-failure.md" />
    <File Path="docs/content/operational/005-denial-of-service.md" />
    <File Path="docs/content/operational/006-ssl-certificate-expiry.md" />
    <File Path="docs/content/operational/007-unauthorised-access.md" />
    <File Path="docs/content/operational/008-disclosure-of-secrets.md" />
    <File Path="docs/content/operational/009-third-party-dependencies.md" />
    <File Path="docs/content/operational/index.md" />
  </Folder>
  <Folder Name="/docs/content/runbooks/">
    <File Path="docs/content/runbooks/001-rollback-deployment.md" />
    <File Path="docs/content/runbooks/002-deploy-emergency-fix.md" />
    <File Path="docs/content/runbooks/003-remove-secrets-git-history.md" />
    <File Path="docs/content/runbooks/004-rotate-secrets.md" />
    <File Path="docs/content/runbooks/005-ddos-attack.md" />
    <File Path="docs/content/runbooks/006-regional-failover.md" />
    <File Path="docs/content/runbooks/007-investigate-service-degradation.md" />
    <File Path="docs/content/runbooks/index.md" />
  </Folder>
  <Folder Name="/docs/content/testing/">
    <File Path="docs/content/testing/01-test-strategy.md" />
    <File Path="docs/content/testing/02-accessibility-test-plan.md" />
    <File Path="docs/content/testing/03-cross-browser.md" />
    <File Path="docs/content/testing/99-zap-report.md" />
    <File Path="docs/content/testing/index.md" />
  </Folder>
  <Folder Name="/infra/" />
  <Folder Name="/infra/bicep/">
    <File Path="infra/bicep/main.bicep" />
    <File Path="infra/bicep/network.bicep" />
    <File Path="infra/bicep/storage.bicep" />
  </Folder>
  <Folder Name="/infra/bicep/environments/">
    <File Path="infra/bicep/environments/development.params.json" />
    <File Path="infra/bicep/environments/staging.params.json" />
    <File Path="infra/bicep/environments/test.params.json" />
  </Folder>
  <Folder Name="/infra/scripts/">
    <File Path="infra/scripts/manage-storage-access.sh" />
  </Folder>
  <Folder Name="/infra/terraform/">
    <File Path="infra/terraform/frontdoor.tf" />
    <File Path="infra/terraform/frontdoor_rules.tf" />
    <File Path="infra/terraform/frontdoor_waf.tf" />
    <File Path="infra/terraform/identities.tf" />
    <File Path="infra/terraform/law.tf" />
    <File Path="infra/terraform/storage.tf" />
    <File Path="infra/terraform/vnet.tf" />
    <File Path="infra\terraform\data.tf" />
    <File Path="infra\terraform\locals.tf" />
    <File Path="infra\terraform\main.tf" />
    <File Path="infra\terraform\outputs.tf" />
    <File Path="infra\terraform\provider.tf" />
    <File Path="infra\terraform\variables.tf" />
    <File Path="infra\terraform\web.tf" />
  </Folder>
  <Folder Name="/.config/">
    <File Path=".config\dotnet-tools.json" />
  </Folder>
  <Folder Name="/infra/terraform/environments/">
    <File Path="infra/terraform/environments/development.tfvars" />
    <File Path="infra/terraform/environments/production.tfvars" />
    <File Path="infra/terraform/environments/staging.tfvars" />
    <File Path="infra/terraform/environments/test.tfvars" />
  </Folder>
  <Folder Name="/Solution Items/">
    <File Path=".gitignore" />
    <File Path=".gitattributes" />
    <File Path=".terraform-docs.yml" />
    <File Path="CODEOWNERS" />
    <File Path="CONTRIBUTING.md" />
    <File Path="Directory.Build.props" />
    <File Path="Directory.Packages.props" />
    <File Path="global.json" />
    <File Path="LICENCE" />
    <File Path="README.md" />
  </Folder>
  <Folder Name="/zap/">
    <File Path="zap/auth-header.js" />
    <File Path="zap/automation-plan.yaml" />
    <File Path="zap/findings.json" />
  </Folder>
</Solution>
