
Microsoft Visual Studio Solution File, Format Version 12.00
# Visual Studio Version 18
VisualStudioVersion = 18.3.11520.95 d18.3
MinimumVisualStudioVersion = 10.0.40219.1
Project("{2150E333-8FDC-42A3-9474-1A3956D46DE8}") = "src", "src", "{827E0CD3-B72D-47B6-A68D-7590B98EB39B}"
EndProject
Project("{FAE04EC0-301F-11D3-BF4B-00C04F79EFBC}") = "AccessingChildcareEntitlementChecker.Web", "src\AccessingChildcareEntitlementChecker.Web\AccessingChildcareEntitlementChecker.Web.csproj", "{77539698-B9DF-4B47-8102-DBA14AD7AE41}"
EndProject
Project("{2150E333-8FDC-42A3-9474-1A3956D46DE8}") = "tests", "tests", "{0AB3BF05-4346-4AA6-1389-037BE0695223}"
EndProject
Project("{FAE04EC0-301F-11D3-BF4B-00C04F79EFBC}") = "AccessingChildcareEntitlementChecker.UnitTests", "tests\AccessingChildcareEntitlementChecker.UnitTests\AccessingChildcareEntitlementChecker.UnitTests.csproj", "{3A3ED815-FA42-4206-A100-D7D6BC970A07}"
EndProject
Project("{FAE04EC0-301F-11D3-BF4B-00C04F79EFBC}") = "AccessingChildcareEntitlementChecker.Tests.E2e", "tests\AccessingChildcareEntitlementChecker.Tests.E2e\AccessingChildcareEntitlementChecker.Tests.E2e.csproj", "{9CF2EAE9-40FB-4F66-9207-ADD17D153342}"
EndProject
Project("{2150E333-8FDC-42A3-9474-1A3956D46DE8}") = "Solution Items", "Solution Items", "{CF4963D4-740A-42D4-A794-4A95C5160D31}"
	ProjectSection(SolutionItems) = preProject
		README.md = README.md
	EndProjectSection
EndProject
Global
	GlobalSection(SolutionConfigurationPlatforms) = preSolution
		Debug|Any CPU = Debug|Any CPU
		Debug|x64 = Debug|x64
		Debug|x86 = Debug|x86
		Release|Any CPU = Release|Any CPU
		Release|x64 = Release|x64
		Release|x86 = Release|x86
	EndGlobalSection
	GlobalSection(ProjectConfigurationPlatforms) = postSolution
		{77539698-B9DF-4B47-8102-DBA14AD7AE41}.Debug|Any CPU.ActiveCfg = Debug|Any CPU
		{77539698-B9DF-4B47-8102-DBA14AD7AE41}.Debug|Any CPU.Build.0 = Debug|Any CPU
		{77539698-B9DF-4B47-8102-DBA14AD7AE41}.Debug|x64.ActiveCfg = Debug|Any CPU
		{77539698-B9DF-4B47-8102-DBA14AD7AE41}.Debug|x64.Build.0 = Debug|Any CPU
		{77539698-B9DF-4B47-8102-DBA14AD7AE41}.Debug|x86.ActiveCfg = Debug|Any CPU
		{77539698-B9DF-4B47-8102-DBA14AD7AE41}.Debug|x86.Build.0 = Debug|Any CPU
		{77539698-B9DF-4B47-8102-DBA14AD7AE41}.Release|Any CPU.ActiveCfg = Release|Any CPU
		{77539698-B9DF-4B47-8102-DBA14AD7AE41}.Release|Any CPU.Build.0 = Release|Any CPU
		{77539698-B9DF-4B47-8102-DBA14AD7AE41}.Release|x64.ActiveCfg = Release|Any CPU
		{77539698-B9DF-4B47-8102-DBA14AD7AE41}.Release|x64.Build.0 = Release|Any CPU
		{77539698-B9DF-4B47-8102-DBA14AD7AE41}.Release|x86.ActiveCfg = Release|Any CPU
		{77539698-B9DF-4B47-8102-DBA14AD7AE41}.Release|x86.Build.0 = Release|Any CPU
		{3A3ED815-FA42-4206-A100-D7D6BC970A07}.Debug|Any CPU.ActiveCfg = Debug|Any CPU
		{3A3ED815-FA42-4206-A100-D7D6BC970A07}.Debug|Any CPU.Build.0 = Debug|Any CPU
		{3A3ED815-FA42-4206-A100-D7D6BC970A07}.Debug|x64.ActiveCfg = Debug|Any CPU
		{3A3ED815-FA42-4206-A100-D7D6BC970A07}.Debug|x64.Build.0 = Debug|Any CPU
		{3A3ED815-FA42-4206-A100-D7D6BC970A07}.Debug|x86.ActiveCfg = Debug|Any CPU
		{3A3ED815-FA42-4206-A100-D7D6BC970A07}.Debug|x86.Build.0 = Debug|Any CPU
		{3A3ED815-FA42-4206-A100-D7D6BC970A07}.Release|Any CPU.ActiveCfg = Release|Any CPU
		{3A3ED815-FA42-4206-A100-D7D6BC970A07}.Release|Any CPU.Build.0 = Release|Any CPU
		{3A3ED815-FA42-4206-A100-D7D6BC970A07}.Release|x64.ActiveCfg = Release|Any CPU
		{3A3ED815-FA42-4206-A100-D7D6BC970A07}.Release|x64.Build.0 = Release|Any CPU
		{3A3ED815-FA42-4206-A100-D7D6BC970A07}.Release|x86.ActiveCfg = Release|Any CPU
		{3A3ED815-FA42-4206-A100-D7D6BC970A07}.Release|x86.Build.0 = Release|Any CPU
		{9CF2EAE9-40FB-4F66-9207-ADD17D153342}.Debug|Any CPU.ActiveCfg = Debug|Any CPU
		{9CF2EAE9-40FB-4F66-9207-ADD17D153342}.Debug|Any CPU.Build.0 = Debug|Any CPU
		{9CF2EAE9-40FB-4F66-9207-ADD17D153342}.Debug|x64.ActiveCfg = Debug|Any CPU
		{9CF2EAE9-40FB-4F66-9207-ADD17D153342}.Debug|x64.Build.0 = Debug|Any CPU
		{9CF2EAE9-40FB-4F66-9207-ADD17D153342}.Debug|x86.ActiveCfg = Debug|Any CPU
		{9CF2EAE9-40FB-4F66-9207-ADD17D153342}.Debug|x86.Build.0 = Debug|Any CPU
		{9CF2EAE9-40FB-4F66-9207-ADD17D153342}.Release|Any CPU.ActiveCfg = Release|Any CPU
		{9CF2EAE9-40FB-4F66-9207-ADD17D153342}.Release|Any CPU.Build.0 = Release|Any CPU
		{9CF2EAE9-40FB-4F66-9207-ADD17D153342}.Release|x64.ActiveCfg = Release|Any CPU
		{9CF2EAE9-40FB-4F66-9207-ADD17D153342}.Release|x64.Build.0 = Release|Any CPU
		{9CF2EAE9-40FB-4F66-9207-ADD17D153342}.Release|x86.ActiveCfg = Release|Any CPU
		{9CF2EAE9-40FB-4F66-9207-ADD17D153342}.Release|x86.Build.0 = Release|Any CPU
	EndGlobalSection
	GlobalSection(SolutionProperties) = preSolution
		HideSolutionNode = FALSE
	EndGlobalSection
	GlobalSection(NestedProjects) = preSolution
		{77539698-B9DF-4B47-8102-DBA14AD7AE41} = {827E0CD3-B72D-47B6-A68D-7590B98EB39B}
		{3A3ED815-FA42-4206-A100-D7D6BC970A07} = {0AB3BF05-4346-4AA6-1389-037BE0695223}
		{9CF2EAE9-40FB-4F66-9207-ADD17D153342} = {0AB3BF05-4346-4AA6-1389-037BE0695223}
	EndGlobalSection
	GlobalSection(ExtensibilityGlobals) = postSolution
		SolutionGuid = {F0F97255-0C5E-4520-B9D0-C8695DC352EF}
	EndGlobalSection
EndGlobal
