{
  "version": 1,
  "dependencies": {
    "net10.0": {
      "Microsoft.Extensions.FileProviders.Embedded": {
        "type": "Transitive",
        "resolved": "8.0.26",
        "contentHash": "aDii3fAsoPB9EwrbJgUMdZ48qXYIiJF5VIkRdw9rGBiwo4vZpxDGVgwRk6/bdmzhgQEG8jHlkg8MwIV5K8yFUQ=="
      },
      "govuk.frontend.aspnetcore": {
        "type": "Project",
        "dependencies": {
          "Microsoft.Extensions.FileProviders.Embedded": "[8.0.*, )"
        }
      }
    }
  }
}